Microsoft Visual Studio Solution File, Format Version 12.00
# Visual Studio Version 17
VisualStudioVersion = 17.5.2.0
MinimumVisualStudioVersion = 10.0.40219.1
Project("{FAE04EC0-301F-11D3-BF4B-00C04F79EFBC}") = "prove-01", "W01\prove-01.csproj", "{E0E225BF-D21E-CB62-B2FE-B7F65103B88E}"
EndProject
Project("{FAE04EC0-301F-11D3-BF4B-00C04F79EFBC}") = "prove-02", "W02\prove-02.csproj", "{CE6C40FD-4366-0127-0800-5A77A34EB11D}"
EndProject
Project("{FAE04EC0-301F-11D3-BF4B-00C04F79EFBC}") = "prove-04", "W04\prove-04.csproj", "{98C53428-3D6C-7E73-0926-B4B31A30A022}"
EndProject
Project("{FAE04EC0-301F-11D3-BF4B-00C04F79EFBC}") = "prove-06", "W06\prove-06.csproj", "{DC96337C-D304-8EE3-B305-92FC5ECE8037}"
EndProject
Project("{FAE04EC0-301F-11D3-BF4B-00C04F79EFBC}") = "prove-07", "W07\prove-07.csproj", "{9AFEA02B-C4C1-F6E5-0E1B-C01CFAF10804}"
EndProject
Project("{FAE04EC0-301F-11D3-BF4B-00C04F79EFBC}") = "prove-08", "W08\prove-08.csproj", "{E1D2EA06-C5B6-46BA-4279-0B71C3851D19}"
EndProject
Project("{FAE04EC0-301F-11D3-BF4B-00C04F79EFBC}") = "prove-09", "W09\prove-09.csproj", "{E74FE3CC-DD86-B431-2851-9BB847EBE162}"
EndProject
Global
	GlobalSection(SolutionConfigurationPlatforms) = preSolution
		Debug|Any CPU = Debug|Any CPU
		Release|Any CPU = Release|Any CPU
	EndGlobalSection
	GlobalSection(ProjectConfigurationPlatforms) = postSolution
		{E0E225BF-D21E-CB62-B2FE-B7F65103B88E}.Debug|Any CPU.ActiveCfg = Debug|Any CPU
		{E0E225BF-D21E-CB62-B2FE-B7F65103B88E}.Debug|Any CPU.Build.0 = Debug|Any CPU
		{E0E225BF-D21E-CB62-B2FE-B7F65103B88E}.Release|Any CPU.ActiveCfg = Release|Any CPU
		{E0E225BF-D21E-CB62-B2FE-B7F65103B88E}.Release|Any CPU.Build.0 = Release|Any CPU
		{CE6C40FD-4366-0127-0800-5A77A34EB11D}.Debug|Any CPU.ActiveCfg = Debug|Any CPU
		{CE6C40FD-4366-0127-0800-5A77A34EB11D}.Debug|Any CPU.Build.0 = Debug|Any CPU
		{CE6C40FD-4366-0127-0800-5A77A34EB11D}.Release|Any CPU.ActiveCfg = Release|Any CPU
		{CE6C40FD-4366-0127-0800-5A77A34EB11D}.Release|Any CPU.Build.0 = Release|Any CPU
		{98C53428-3D6C-7E73-0926-B4B31A30A022}.Debug|Any CPU.ActiveCfg = Debug|Any CPU
		{98C53428-3D6C-7E73-0926-B4B31A30A022}.Debug|Any CPU.Build.0 = Debug|Any CPU
		{98C53428-3D6C-7E73-0926-B4B31A30A022}.Release|Any CPU.ActiveCfg = Release|Any CPU
		{98C53428-3D6C-7E73-0926-B4B31A30A022}.Release|Any CPU.Build.0 = Release|Any CPU
		{DC96337C-D304-8EE3-B305-92FC5ECE8037}.Debug|Any CPU.ActiveCfg = Debug|Any CPU
		{DC96337C-D304-8EE3-B305-92FC5ECE8037}.Debug|Any CPU.Build.0 = Debug|Any CPU
		{DC96337C-D304-8EE3-B305-92FC5ECE8037}.Release|Any CPU.ActiveCfg = Release|Any CPU
		{DC96337C-D304-8EE3-B305-92FC5ECE8037}.Release|Any CPU.Build.0 = Release|Any CPU
		{9AFEA02B-C4C1-F6E5-0E1B-C01CFAF10804}.Debug|Any CPU.ActiveCfg = Debug|Any CPU
		{9AFEA02B-C4C1-F6E5-0E1B-C01CFAF10804}.Debug|Any CPU.Build.0 = Debug|Any CPU
		{9AFEA02B-C4C1-F6E5-0E1B-C01CFAF10804}.Release|Any CPU.ActiveCfg = Release|Any CPU
		{9AFEA02B-C4C1-F6E5-0E1B-C01CFAF10804}.Release|Any CPU.Build.0 = Release|Any CPU
		{E1D2EA06-C5B6-46BA-4279-0B71C3851D19}.Debug|Any CPU.ActiveCfg = Debug|Any CPU
		{E1D2EA06-C5B6-46BA-4279-0B71C3851D19}.Debug|Any CPU.Build.0 = Debug|Any CPU
		{E1D2EA06-C5B6-46BA-4279-0B71C3851D19}.Release|Any CPU.ActiveCfg = Release|Any CPU
		{E1D2EA06-C5B6-46BA-4279-0B71C3851D19}.Release|Any CPU.Build.0 = Release|Any CPU
		{E74FE3CC-DD86-B431-2851-9BB847EBE162}.Debug|Any CPU.ActiveCfg = Debug|Any CPU
		{E74FE3CC-DD86-B431-2851-9BB847EBE162}.Debug|Any CPU.Build.0 = Debug|Any CPU
		{E74FE3CC-DD86-B431-2851-9BB847EBE162}.Release|Any CPU.ActiveCfg = Release|Any CPU
		{E74FE3CC-DD86-B431-2851-9BB847EBE162}.Release|Any CPU.Build.0 = Release|Any CPU
	EndGlobalSection
	GlobalSection(SolutionProperties) = preSolution
		HideSolutionNode = FALSE
	EndGlobalSection
	GlobalSection(ExtensibilityGlobals) = postSolution
		SolutionGuid = {4F879813-A037-4E09-8434-DD507A0E4748}
	EndGlobalSection
EndGlobal
